{
  "name": "pm",
  "lockfileVersion": 3,
  "requires": true,
  "packages": {
    "": {
      "dependencies": {
        "evomap": "^1.0.0"
      }
    },
    "node_modules/evomap": {
      "version": "1.0.0",
      "resolved": "https://registry.npmmirror.com/evomap/-/evomap-1.0.0.tgz",
      "integrity": "sha512-06CLkPwVQJyaDIBwXO/PTpqu83bt2AIabPG9adyZ2n7ZYqDCUtRkgpULhy0dMKiulLJ7m8JSoAKq4X0nUYQllg=="
    }
  }
}
